// !$*UTF8*$!
{
	archiveVersion = 1;
	classes = {
	};
	objectVersion = 56;
	objects = {

/* Begin PBXBuildFile section */
		073E41252F3985D90088A4CF /* AudioError.swift in Sources */ = {isa = PBXBuildFile; fileRef = 073E41202F3985D90088A4CF /* AudioError.swift */; };
		073E41262F3985D90088A4CF /* AudioEncoder.swift in Sources */ = {isa = PBXBuildFile; fileRef = 073E411F2F3985D90088A4CF /* AudioEncoder.swift */; };
		073E41272F3985D90088A4CF /* AudioFormat.swift in Sources */ = {isa = PBXBuildFile; fileRef = 073E41212F3985D90088A4CF /* AudioFormat.swift */; };
		073E41282F3985D90088A4CF /* AudioLevelProvider.swift in Sources */ = {isa = PBXBuildFile; fileRef = 073E41222F3985D90088A4CF /* AudioLevelProvider.swift */; };
		073E41292F3985D90088A4CF /* AudioCapturing.swift in Sources */ = {isa = PBXBuildFile; fileRef = 073E411E2F3985D90088A4CF /* AudioCapturing.swift */; };
		073E412A2F3985D90088A4CF /* AudioPipeline.swift in Sources */ = {isa = PBXBuildFile; fileRef = 073E41232F3985D90088A4CF /* AudioPipeline.swift */; };
		073E41322F3985EB0088A4CF /* STTError.swift in Sources */ = {isa = PBXBuildFile; fileRef = 073E412E2F3985EB0088A4CF /* STTError.swift */; };
		073E41332F3985EB0088A4CF /* SessionCoordinator.swift in Sources */ = {isa = PBXBuildFile; fileRef = 073E412B2F3985EB0088A4CF /* SessionCoordinator.swift */; };
		073E41342F3985EB0088A4CF /* ZhipuSTTProvider.swift in Sources */ = {isa = PBXBuildFile; fileRef = 073E41302F3985EB0088A4CF /* ZhipuSTTProvider.swift */; };
		073E41352F3985EB0088A4CF /* STTProvider.swift in Sources */ = {isa = PBXBuildFile; fileRef = 073E412F2F3985EB0088A4CF /* STTProvider.swift */; };
		073E41362F3985EB0088A4CF /* MultipartFormData.swift in Sources */ = {isa = PBXBuildFile; fileRef = 073E412D2F3985EB0088A4CF /* MultipartFormData.swift */; };
	073E41372F3986B00088A4CF /* STTProviderType.swift in Sources */ = {isa = PBXBuildFile; fileRef = 073E41382F3986B00088A4CF /* STTProviderType.swift */; };
	073E413BA2F3986B20088A4CF /* STTProviderFactory.swift in Sources */ = {isa = PBXBuildFile; fileRef = 073E413C2F3986B20088A4CF /* STTProviderFactory.swift */; };
	073E413DC2F3986B30088A4CF /* OpenAIWhisperProvider.swift in Sources */ = {isa = PBXBuildFile; fileRef = 073E413E2F3986B30088A4CF /* OpenAIWhisperProvider.swift */; };
		073E41392F3985F70088A4CF /* OverlayPresenting.swift in Sources */ = {isa = PBXBuildFile; fileRef = 073E41372F3985F70088A4CF /* OverlayPresenting.swift */; };
		073E413C2F39862B0088A4CF /* AppSettings.swift in Sources */ = {isa = PBXBuildFile; fileRef = 073E413A2F39862B0088A4CF /* AppSettings.swift */; };
		073E41432F3986A10088A4CF /* WaveformView.swift in Sources */ = {isa = PBXBuildFile; fileRef = 073E41402F3986A10088A4CF /* WaveformView.swift */; };
		073E41442F3986A10088A4CF /* RecordingOverlayView.swift in Sources */ = {isa = PBXBuildFile; fileRef = 073E41412F3986A10088A4CF /* RecordingOverlayView.swift */; };
		073E41452F3986A10088A4CF /* OverlayPanel.swift in Sources */ = {isa = PBXBuildFile; fileRef = 073E41422F3986A10088A4CF /* OverlayPanel.swift */; };
		073E41462F3986A20088A4CF /* ToastPresenting.swift in Sources */ = {isa = PBXBuildFile; fileRef = 073E41472F3986A20088A4CF /* ToastPresenting.swift */; };
		073E41482F3986A30088A4CF /* ToastView.swift in Sources */ = {isa = PBXBuildFile; fileRef = 073E41492F3986A30088A4CF /* ToastView.swift */; };
		073E414A2F3986A40088A4CF /* ToastPanel.swift in Sources */ = {isa = PBXBuildFile; fileRef = 073E414B2F3986A40088A4CF /* ToastPanel.swift */; };
		073E414C2F3986A50088A4CF /* ToastManager.swift in Sources */ = {isa = PBXBuildFile; fileRef = 073E414D2F3986A50088A4CF /* ToastManager.swift */; };
		07983A4F2F39CD7D00BD1EE1 /* KeyboardShortcuts in Frameworks */ = {isa = PBXBuildFile; productRef = 07983A4E2F39CD7D00BD1EE1 /* KeyboardShortcuts */; };
		07983A522F39CF1A00BD1EE1 /* KeyboardShortcutName.swift in Sources */ = {isa = PBXBuildFile; fileRef = 07983A502F39CF1A00BD1EE1 /* KeyboardShortcutName.swift */; };
		B100000000000000000001 /* VoxaApp.swift in Sources */ = {isa = PBXBuildFile; fileRef = A100000000000000000001 /* VoxaApp.swift */; };
		B100000000000000000002 /* KeyMonitor.swift in Sources */ = {isa = PBXBuildFile; fileRef = A100000000000000000002 /* KeyMonitor.swift */; };
		B100000000000000000003 /* KeyMonitorError.swift in Sources */ = {isa = PBXBuildFile; fileRef = A100000000000000000003 /* KeyMonitorError.swift */; };
		B100000000000000000004 /* PermissionManager.swift in Sources */ = {isa = PBXBuildFile; fileRef = A100000000000000000004 /* PermissionManager.swift */; };
		B100000000000000000005 /* MenuBarView.swift in Sources */ = {isa = PBXBuildFile; fileRef = A100000000000000000005 /* MenuBarView.swift */; };
		B100000000000000000006 /* Assets.xcassets in Resources */ = {isa = PBXBuildFile; fileRef = A100000000000000000006 /* Assets.xcassets */; };
		B100000000000000000009 /* KeyMonitorTests.swift in Sources */ = {isa = PBXBuildFile; fileRef = A100000000000000000009 /* KeyMonitorTests.swift */; };
		B10000000000000000000A /* PermissionManagerTests.swift in Sources */ = {isa = PBXBuildFile; fileRef = A10000000000000000000A /* PermissionManagerTests.swift */; };
		E3B1000000000000000001 /* Persona.swift in Sources */ = {isa = PBXBuildFile; fileRef = E3A1000000000000000001 /* Persona.swift */; };
		E3B1000000000000000003 /* InputHistory.swift in Sources */ = {isa = PBXBuildFile; fileRef = E3A1000000000000000003 /* InputHistory.swift */; };
		E3B1000000000000000004 /* TextProcessingError.swift in Sources */ = {isa = PBXBuildFile; fileRef = E3A1000000000000000004 /* TextProcessingError.swift */; };
		E3B1000000000000000008 /* TextInjector.swift in Sources */ = {isa = PBXBuildFile; fileRef = E3A1000000000000000008 /* TextInjector.swift */; };
		E3B1000000000000000009 /* TextInjectorTests.swift in Sources */ = {isa = PBXBuildFile; fileRef = E3A1000000000000000009 /* TextInjectorTests.swift */; };
		E3B10000000000000000A /* PromptProcessor.swift in Sources */ = {isa = PBXBuildFile; fileRef = E3A10000000000000000A /* PromptProcessor.swift */; };
		E3B10000000000000000B /* TextProcessor.swift in Sources */ = {isa = PBXBuildFile; fileRef = E3A10000000000000000B /* TextProcessor.swift */; };
		E3B10000000000000000C /* TextProcessorTests.swift in Sources */ = {isa = PBXBuildFile; fileRef = E3A10000000000000000C /* TextProcessorTests.swift */; };
		E3B10000000000000000D /* SessionCoordinatorTests.swift in Sources */ = {isa = PBXBuildFile; fileRef = E3A10000000000000000D /* SessionCoordinatorTests.swift */; };
		F4B1000000000000000001 /* SettingsView.swift in Sources */ = {isa = PBXBuildFile; fileRef = F4A1000000000000000001 /* SettingsView.swift */; };
		F4B2000000000000000001 /* GeneralSettingsView.swift in Sources */ = {isa = PBXBuildFile; fileRef = F4A2000000000000000001 /* GeneralSettingsView.swift */; };
		F4B3000000000000000001 /* ModelSettingsView.swift in Sources */ = {isa = PBXBuildFile; fileRef = F4A3000000000000000001 /* ModelSettingsView.swift */; };
		F4B4000000000000000001 /* PersonaSettingsView.swift in Sources */ = {isa = PBXBuildFile; fileRef = F4A4000000000000000001 /* PersonaSettingsView.swift */; };
		F4B6000000000000000001 /* HistorySettingsView.swift in Sources */ = {isa = PBXBuildFile; fileRef = F4A6000000000000000001 /* HistorySettingsView.swift */; };
		F4B7000000000000000001 /* LaunchAtLoginHelper.swift in Sources */ = {isa = PBXBuildFile; fileRef = F4A7000000000000000001 /* LaunchAtLoginHelper.swift */; };
		F4B8000000000000000001 /* InputHistoryCleanup.swift in Sources */ = {isa = PBXBuildFile; fileRef = F4A8000000000000000001 /* InputHistoryCleanup.swift */; };
		F4B9000000000000000001 /* KeychainService.swift in Sources */ = {isa = PBXBuildFile; fileRef = F4A9000000000000000001 /* KeychainService.swift */; };
/* End PBXBuildFile section */

/* Begin PBXContainerItemProxy section */
		310000000000000000001 /* PBXContainerItemProxy */ = {
			isa = PBXContainerItemProxy;
			containerPortal = F100000000000000000001 /* Project object */;
			proxyType = 1;
			remoteGlobalIDString = D100000000000000000001;
			remoteInfo = Voxa;
		};
/* End PBXContainerItemProxy section */

/* Begin PBXFileReference section */
		073E411E2F3985D90088A4CF /* AudioCapturing.swift */ = {isa = PBXFileReference; lastKnownFileType = sourcecode.swift; path = AudioCapturing.swift; sourceTree = "<group>"; };
		073E411F2F3985D90088A4CF /* AudioEncoder.swift */ = {isa = PBXFileReference; lastKnownFileType = sourcecode.swift; path = AudioEncoder.swift; sourceTree = "<group>"; };
		073E41202F3985D90088A4CF /* AudioError.swift */ = {isa = PBXFileReference; lastKnownFileType = sourcecode.swift; path = AudioError.swift; sourceTree = "<group>"; };
		073E41212F3985D90088A4CF /* AudioFormat.swift */ = {isa = PBXFileReference; lastKnownFileType = sourcecode.swift; path = AudioFormat.swift; sourceTree = "<group>"; };
		073E41222F3985D90088A4CF /* AudioLevelProvider.swift */ = {isa = PBXFileReference; lastKnownFileType = sourcecode.swift; path = AudioLevelProvider.swift; sourceTree = "<group>"; };
		073E41232F3985D90088A4CF /* AudioPipeline.swift */ = {isa = PBXFileReference; lastKnownFileType = sourcecode.swift; path = AudioPipeline.swift; sourceTree = "<group>"; };
		073E412B2F3985EB0088A4CF /* SessionCoordinator.swift */ = {isa = PBXFileReference; lastKnownFileType = sourcecode.swift; path = SessionCoordinator.swift; sourceTree = "<group>"; };
		073E412D2F3985EB0088A4CF /* MultipartFormData.swift */ = {isa = PBXFileReference; lastKnownFileType = sourcecode.swift; path = MultipartFormData.swift; sourceTree = "<group>"; };
		073E412E2F3985EB0088A4CF /* STTError.swift */ = {isa = PBXFileReference; lastKnownFileType = sourcecode.swift; path = STTError.swift; sourceTree = "<group>"; };
		073E412F2F3985EB0088A4CF /* STTProvider.swift */ = {isa = PBXFileReference; lastKnownFileType = sourcecode.swift; path = STTProvider.swift; sourceTree = "<group>"; };
		073E41302F3985EB0088A4CF /* ZhipuSTTProvider.swift */ = {isa = PBXFileReference; lastKnownFileType = sourcecode.swift; path = ZhipuSTTProvider.swift; sourceTree = "<group>"; };
	073E41382F3986B00088A4CF /* STTProviderType.swift */ = {isa = PBXFileReference; lastKnownFileType = sourcecode.swift; path = STTProviderType.swift; sourceTree = "<group>"; };
	073E413C2F3986B20088A4CF /* STTProviderFactory.swift */ = {isa = PBXFileReference; lastKnownFileType = sourcecode.swift; path = STTProviderFactory.swift; sourceTree = "<group>"; };
	073E413E2F3986B30088A4CF /* OpenAIWhisperProvider.swift */ = {isa = PBXFileReference; lastKnownFileType = sourcecode.swift; path = OpenAIWhisperProvider.swift; sourceTree = "<group>"; };
		073E41372F3985F70088A4CF /* OverlayPresenting.swift */ = {isa = PBXFileReference; lastKnownFileType = sourcecode.swift; path = OverlayPresenting.swift; sourceTree = "<group>"; };
		073E413A2F39862B0088A4CF /* AppSettings.swift */ = {isa = PBXFileReference; lastKnownFileType = sourcecode.swift; path = AppSettings.swift; sourceTree = "<group>"; };
		073E41402F3986A10088A4CF /* WaveformView.swift */ = {isa = PBXFileReference; lastKnownFileType = sourcecode.swift; path = WaveformView.swift; sourceTree = "<group>"; };
		073E41412F3986A10088A4CF /* RecordingOverlayView.swift */ = {isa = PBXFileReference; lastKnownFileType = sourcecode.swift; path = RecordingOverlayView.swift; sourceTree = "<group>"; };
		073E41422F3986A10088A4CF /* OverlayPanel.swift */ = {isa = PBXFileReference; lastKnownFileType = sourcecode.swift; path = OverlayPanel.swift; sourceTree = "<group>"; };
		073E41472F3986A20088A4CF /* ToastPresenting.swift */ = {isa = PBXFileReference; lastKnownFileType = sourcecode.swift; path = ToastPresenting.swift; sourceTree = "<group>"; };
		073E41492F3986A30088A4CF /* ToastView.swift */ = {isa = PBXFileReference; lastKnownFileType = sourcecode.swift; path = ToastView.swift; sourceTree = "<group>"; };
		073E414B2F3986A40088A4CF /* ToastPanel.swift */ = {isa = PBXFileReference; lastKnownFileType = sourcecode.swift; path = ToastPanel.swift; sourceTree = "<group>"; };
		073E414D2F3986A50088A4CF /* ToastManager.swift */ = {isa = PBXFileReference; lastKnownFileType = sourcecode.swift; path = ToastManager.swift; sourceTree = "<group>"; };
		07983A502F39CF1A00BD1EE1 /* KeyboardShortcutName.swift */ = {isa = PBXFileReference; lastKnownFileType = sourcecode.swift; path = KeyboardShortcutName.swift; sourceTree = "<group>"; };
		A100000000000000000001 /* VoxaApp.swift */ = {isa = PBXFileReference; lastKnownFileType = sourcecode.swift; path = VoxaApp.swift; sourceTree = "<group>"; };
		A100000000000000000002 /* KeyMonitor.swift */ = {isa = PBXFileReference; lastKnownFileType = sourcecode.swift; path = KeyMonitor.swift; sourceTree = "<group>"; };
		A100000000000000000003 /* KeyMonitorError.swift */ = {isa = PBXFileReference; lastKnownFileType = sourcecode.swift; path = KeyMonitorError.swift; sourceTree = "<group>"; };
		A100000000000000000004 /* PermissionManager.swift */ = {isa = PBXFileReference; lastKnownFileType = sourcecode.swift; path = PermissionManager.swift; sourceTree = "<group>"; };
		A100000000000000000005 /* MenuBarView.swift */ = {isa = PBXFileReference; lastKnownFileType = sourcecode.swift; path = MenuBarView.swift; sourceTree = "<group>"; };
		A100000000000000000006 /* Assets.xcassets */ = {isa = PBXFileReference; lastKnownFileType = folder.assetcatalog; path = Assets.xcassets; sourceTree = "<group>"; };
		A100000000000000000007 /* Info.plist */ = {isa = PBXFileReference; lastKnownFileType = text.plist.xml; path = Info.plist; sourceTree = "<group>"; };
		A100000000000000000008 /* Voxa.entitlements */ = {isa = PBXFileReference; lastKnownFileType = text.plist.entitlements; path = Voxa.entitlements; sourceTree = "<group>"; };
		A100000000000000000009 /* KeyMonitorTests.swift */ = {isa = PBXFileReference; lastKnownFileType = sourcecode.swift; path = KeyMonitorTests.swift; sourceTree = "<group>"; };
		A10000000000000000000A /* PermissionManagerTests.swift */ = {isa = PBXFileReference; lastKnownFileType = sourcecode.swift; path = PermissionManagerTests.swift; sourceTree = "<group>"; };
		A10000000000000000000B /* Voxa.app */ = {isa = PBXFileReference; explicitFileType = wrapper.application; includeInIndex = 0; path = Voxa.app; sourceTree = BUILT_PRODUCTS_DIR; };
		A10000000000000000000C /* VoxaTests.xctest */ = {isa = PBXFileReference; explicitFileType = wrapper.cfbundle; includeInIndex = 0; path = VoxaTests.xctest; sourceTree = BUILT_PRODUCTS_DIR; };
		E3A1000000000000000001 /* Persona.swift */ = {isa = PBXFileReference; lastKnownFileType = sourcecode.swift; path = Persona.swift; sourceTree = "<group>"; };
		E3A1000000000000000003 /* InputHistory.swift */ = {isa = PBXFileReference; lastKnownFileType = sourcecode.swift; path = InputHistory.swift; sourceTree = "<group>"; };
		E3A1000000000000000004 /* TextProcessingError.swift */ = {isa = PBXFileReference; lastKnownFileType = sourcecode.swift; path = TextProcessingError.swift; sourceTree = "<group>"; };
		E3A1000000000000000008 /* TextInjector.swift */ = {isa = PBXFileReference; lastKnownFileType = sourcecode.swift; path = TextInjector.swift; sourceTree = "<group>"; };
		E3A1000000000000000009 /* TextInjectorTests.swift */ = {isa = PBXFileReference; lastKnownFileType = sourcecode.swift; path = TextInjectorTests.swift; sourceTree = "<group>"; };
		E3A10000000000000000A /* PromptProcessor.swift */ = {isa = PBXFileReference; lastKnownFileType = sourcecode.swift; path = PromptProcessor.swift; sourceTree = "<group>"; };
		E3A10000000000000000B /* TextProcessor.swift */ = {isa = PBXFileReference; lastKnownFileType = sourcecode.swift; path = TextProcessor.swift; sourceTree = "<group>"; };
		E3A10000000000000000C /* TextProcessorTests.swift */ = {isa = PBXFileReference; lastKnownFileType = sourcecode.swift; path = TextProcessorTests.swift; sourceTree = "<group>"; };
		E3A10000000000000000D /* SessionCoordinatorTests.swift */ = {isa = PBXFileReference; lastKnownFileType = sourcecode.swift; path = SessionCoordinatorTests.swift; sourceTree = "<group>"; };
		F4A1000000000000000001 /* SettingsView.swift */ = {isa = PBXFileReference; lastKnownFileType = sourcecode.swift; path = SettingsView.swift; sourceTree = "<group>"; };
		F4A2000000000000000001 /* GeneralSettingsView.swift */ = {isa = PBXFileReference; lastKnownFileType = sourcecode.swift; path = GeneralSettingsView.swift; sourceTree = "<group>"; };
		F4A3000000000000000001 /* ModelSettingsView.swift */ = {isa = PBXFileReference; lastKnownFileType = sourcecode.swift; path = ModelSettingsView.swift; sourceTree = "<group>"; };
		F4A4000000000000000001 /* PersonaSettingsView.swift */ = {isa = PBXFileReference; lastKnownFileType = sourcecode.swift; path = PersonaSettingsView.swift; sourceTree = "<group>"; };
		F4A6000000000000000001 /* HistorySettingsView.swift */ = {isa = PBXFileReference; lastKnownFileType = sourcecode.swift; path = HistorySettingsView.swift; sourceTree = "<group>"; };
		F4A7000000000000000001 /* LaunchAtLoginHelper.swift */ = {isa = PBXFileReference; lastKnownFileType = sourcecode.swift; path = LaunchAtLoginHelper.swift; sourceTree = "<group>"; };
		F4A8000000000000000001 /* InputHistoryCleanup.swift */ = {isa = PBXFileReference; lastKnownFileType = sourcecode.swift; path = InputHistoryCleanup.swift; sourceTree = "<group>"; };
		F4A9000000000000000001 /* KeychainService.swift */ = {isa = PBXFileReference; lastKnownFileType = sourcecode.swift; path = KeychainService.swift; sourceTree = "<group>"; };
/* End PBXFileReference section */

/* Begin PBXFrameworksBuildPhase section */
		E100000000000000000002 /* Frameworks */ = {
			isa = PBXFrameworksBuildPhase;
			buildActionMask = 2147483647;
			files = (
				07983A4F2F39CD7D00BD1EE1 /* KeyboardShortcuts in Frameworks */,
			);
			runOnlyForDeploymentPostprocessing = 0;
		};
		E100000000000000000005 /* Frameworks */ = {
			isa = PBXFrameworksBuildPhase;
			buildActionMask = 2147483647;
			files = (
			);
			runOnlyForDeploymentPostprocessing = 0;
		};
/* End PBXFrameworksBuildPhase section */

/* Begin PBXGroup section */
		073E41242F3985D90088A4CF /* Audio */ = {
			isa = PBXGroup;
			children = (
				073E411E2F3985D90088A4CF /* AudioCapturing.swift */,
				073E411F2F3985D90088A4CF /* AudioEncoder.swift */,
				073E41202F3985D90088A4CF /* AudioError.swift */,
				073E41212F3985D90088A4CF /* AudioFormat.swift */,
				073E41222F3985D90088A4CF /* AudioLevelProvider.swift */,
				073E41232F3985D90088A4CF /* AudioPipeline.swift */,
			);
			path = Audio;
			sourceTree = "<group>";
		};
		073E412C2F3985EB0088A4CF /* Session */ = {
			isa = PBXGroup;
			children = (
				073E412B2F3985EB0088A4CF /* SessionCoordinator.swift */,
			);
			path = Session;
			sourceTree = "<group>";
		};
		073E41312F3985EB0088A4CF /* STT */ = {
			isa = PBXGroup;
			children = (
				073E412D2F3985EB0088A4CF /* MultipartFormData.swift */,
				073E412E2F3985EB0088A4CF /* STTError.swift */,
				073E412F2F3985EB0088A4CF /* STTProvider.swift */,
				073E41302F3985EB0088A4CF /* ZhipuSTTProvider.swift */,
				073E41382F3986B00088A4CF /* STTProviderType.swift */,
				073E413C2F3986B20088A4CF /* STTProviderFactory.swift */,
				073E413E2F3986B30088A4CF /* OpenAIWhisperProvider.swift */,
			);
			path = STT;
			sourceTree = "<group>";
		};
		073E41382F3985F70088A4CF /* Overlay */ = {
			isa = PBXGroup;
			children = (
				073E41372F3985F70088A4CF /* OverlayPresenting.swift */,
				073E41402F3986A10088A4CF /* WaveformView.swift */,
				073E41412F3986A10088A4CF /* RecordingOverlayView.swift */,
				073E41422F3986A10088A4CF /* OverlayPanel.swift */,
			);
			path = Overlay;
			sourceTree = "<group>";
		};
		073E414E2F3986A60088A4CF /* Components */ = {
			isa = PBXGroup;
			children = (
				073E41472F3986A20088A4CF /* ToastPresenting.swift */,
				073E41492F3986A30088A4CF /* ToastView.swift */,
				073E414B2F3986A40088A4CF /* ToastPanel.swift */,
				073E414D2F3986A50088A4CF /* ToastManager.swift */,
			);
			path = Components;
			sourceTree = "<group>";
		};
		073E413B2F39862B0088A4CF /* Services */ = {
			isa = PBXGroup;
			children = (
				073E413A2F39862B0088A4CF /* AppSettings.swift */,
				F4A7000000000000000001 /* LaunchAtLoginHelper.swift */,
				F4A8000000000000000001 /* InputHistoryCleanup.swift */,
				F4A9000000000000000001 /* KeychainService.swift */,
			);
			path = Services;
			sourceTree = "<group>";
		};
		07983A4D2F39CD7D00BD1EE1 /* Frameworks */ = {
			isa = PBXGroup;
			children = (
			);
			name = Frameworks;
			sourceTree = "<group>";
		};
		07983A512F39CF1A00BD1EE1 /* Keyboard */ = {
			isa = PBXGroup;
			children = (
				07983A502F39CF1A00BD1EE1 /* KeyboardShortcutName.swift */,
			);
			path = Keyboard;
			sourceTree = "<group>";
		};
		C100000000000000000001 = {
			isa = PBXGroup;
			children = (
				C100000000000000000002 /* Voxa */,
				07983A4D2F39CD7D00BD1EE1 /* Frameworks */,
				C10000000000000000000A /* Products */,
			);
			sourceTree = "<group>";
		};
		C100000000000000000002 /* Voxa */ = {
			isa = PBXGroup;
			children = (
				073E413B2F39862B0088A4CF /* Services */,
				A100000000000000000001 /* VoxaApp.swift */,
				A100000000000000000007 /* Info.plist */,
				A100000000000000000008 /* Voxa.entitlements */,
				C100000000000000000003 /* Core */,
				E3C1000000000000000003 /* Models */,
				C100000000000000000006 /* UI */,
				C100000000000000000008 /* Resources */,
				C100000000000000000009 /* Tests */,
			);
			path = Voxa;
			sourceTree = "<group>";
		};
		C100000000000000000003 /* Core */ = {
			isa = PBXGroup;
			children = (
				07983A512F39CF1A00BD1EE1 /* Keyboard */,
				073E412C2F3985EB0088A4CF /* Session */,
				073E41312F3985EB0088A4CF /* STT */,
				073E41242F3985D90088A4CF /* Audio */,
				E3C1000000000000000001 /* TextProcessing */,
				E3C1000000000000000002 /* Injection */,
				C100000000000000000004 /* KeyMonitor */,
				C100000000000000000005 /* Permissions */,
			);
			path = Core;
			sourceTree = "<group>";
		};
		C100000000000000000004 /* KeyMonitor */ = {
			isa = PBXGroup;
			children = (
				A100000000000000000002 /* KeyMonitor.swift */,
				A100000000000000000003 /* KeyMonitorError.swift */,
			);
			path = KeyMonitor;
			sourceTree = "<group>";
		};
		C100000000000000000005 /* Permissions */ = {
			isa = PBXGroup;
			children = (
				A100000000000000000004 /* PermissionManager.swift */,
			);
			path = Permissions;
			sourceTree = "<group>";
		};
		C100000000000000000006 /* UI */ = {
			isa = PBXGroup;
			children = (
				073E41382F3985F70088A4CF /* Overlay */,
				073E414E2F3986A60088A4CF /* Components */,
				C100000000000000000007 /* MenuBar */,
				F4C1000000000000000001 /* Settings */,
			);
			path = UI;
			sourceTree = "<group>";
		};
		C100000000000000000007 /* MenuBar */ = {
			isa = PBXGroup;
			children = (
				A100000000000000000005 /* MenuBarView.swift */,
			);
			path = MenuBar;
			sourceTree = "<group>";
		};
		C100000000000000000008 /* Resources */ = {
			isa = PBXGroup;
			children = (
				A100000000000000000006 /* Assets.xcassets */,
			);
			path = Resources;
			sourceTree = "<group>";
		};
		C100000000000000000009 /* Tests */ = {
			isa = PBXGroup;
			children = (
				A100000000000000000009 /* KeyMonitorTests.swift */,
				A10000000000000000000A /* PermissionManagerTests.swift */,
				E3A1000000000000000009 /* TextInjectorTests.swift */,
				E3A10000000000000000C /* TextProcessorTests.swift */,
				E3A10000000000000000D /* SessionCoordinatorTests.swift */,
			);
			path = Tests;
			sourceTree = "<group>";
		};
		C10000000000000000000A /* Products */ = {
			isa = PBXGroup;
			children = (
				A10000000000000000000B /* Voxa.app */,
				A10000000000000000000C /* VoxaTests.xctest */,
			);
			name = Products;
			sourceTree = "<group>";
		};
		E3C1000000000000000001 /* TextProcessing */ = {
			isa = PBXGroup;
			children = (
				E3A1000000000000000004 /* TextProcessingError.swift */,
				E3A10000000000000000A /* PromptProcessor.swift */,
				E3A10000000000000000B /* TextProcessor.swift */,
			);
			path = TextProcessing;
			sourceTree = "<group>";
		};
		E3C1000000000000000002 /* Injection */ = {
			isa = PBXGroup;
			children = (
				E3A1000000000000000008 /* TextInjector.swift */,
			);
			path = Injection;
			sourceTree = "<group>";
		};
		E3C1000000000000000003 /* Models */ = {
			isa = PBXGroup;
			children = (
				E3A1000000000000000001 /* Persona.swift */,
				E3A1000000000000000003 /* InputHistory.swift */,
			);
			path = Models;
			sourceTree = "<group>";
		};
		F4C1000000000000000001 /* Settings */ = {
			isa = PBXGroup;
			children = (
				F4A1000000000000000001 /* SettingsView.swift */,
				F4A2000000000000000001 /* GeneralSettingsView.swift */,
				F4A3000000000000000001 /* ModelSettingsView.swift */,
				F4A4000000000000000001 /* PersonaSettingsView.swift */,
				F4A6000000000000000001 /* HistorySettingsView.swift */,
			);
			path = Settings;
			sourceTree = "<group>";
		};
/* End PBXGroup section */

/* Begin PBXNativeTarget section */
		D100000000000000000001 /* Voxa */ = {
			isa = PBXNativeTarget;
			buildConfigurationList = 210000000000000000001 /* Build configuration list for PBXNativeTarget "Voxa" */;
			buildPhases = (
				E100000000000000000001 /* Sources */,
				E100000000000000000002 /* Frameworks */,
				E100000000000000000003 /* Resources */,
				E100000000000000000006 /* Copy AppIcon.icns */,
			);
			buildRules = (
			);
			dependencies = (
			);
			name = Voxa;
			productName = Voxa;
			productReference = A10000000000000000000B /* Voxa.app */;
			productType = "com.apple.product-type.application";
		};
		D100000000000000000002 /* VoxaTests */ = {
			isa = PBXNativeTarget;
			buildConfigurationList = 210000000000000000002 /* Build configuration list for PBXNativeTarget "VoxaTests" */;
			buildPhases = (
				E100000000000000000004 /* Sources */,
				E100000000000000000005 /* Frameworks */,
			);
			buildRules = (
			);
			dependencies = (
				410000000000000000001 /* PBXTargetDependency */,
			);
			name = VoxaTests;
			productName = VoxaTests;
			productReference = A10000000000000000000C /* VoxaTests.xctest */;
			productType = "com.apple.product-type.bundle.unit-test";
		};
/* End PBXNativeTarget section */

/* Begin PBXProject section */
		F100000000000000000001 /* Project object */ = {
			isa = PBXProject;
			attributes = {
				BuildIndependentTargetsInParallel = 1;
				LastSwiftUpdateCheck = 1600;
				LastUpgradeCheck = 1600;
				TargetAttributes = {
					D100000000000000000001 = {
						CreatedOnToolsVersion = 16.0;
					};
					D100000000000000000002 = {
						CreatedOnToolsVersion = 16.0;
						TestTargetID = D100000000000000000001;
					};
				};
			};
			buildConfigurationList = 210000000000000000003 /* Build configuration list for PBXProject "Voxa" */;
			compatibilityVersion = "Xcode 14.0";
			developmentRegion = en;
			hasScannedForEncodings = 0;
			knownRegions = (
				en,
				Base,
				"zh-Hans",
			);
			mainGroup = C100000000000000000001;
			packageReferences = (
				07983A4C2F39C88400BD1EE1 /* XCRemoteSwiftPackageReference "KeyboardShortcuts" */,
			);
			productRefGroup = C10000000000000000000A /* Products */;
			projectDirPath = "";
			projectRoot = "";
			targets = (
				D100000000000000000001 /* Voxa */,
				D100000000000000000002 /* VoxaTests */,
			);
		};
/* End PBXProject section */

/* Begin PBXShellScriptBuildPhase section */
		E100000000000000000006 /* Copy AppIcon.icns */ = {
			isa = PBXShellScriptBuildPhase;
			buildActionMask = 2147483647;
			files = (
			);
			inputFileListPaths = (
			);
			inputPaths = (
				"$(SRCROOT)/Voxa/Resources/AppIcon.icns",
			);
			outputFileListPaths = (
			);
			outputPaths = (
				"$(BUILT_PRODUCTS_DIR)/$(UNLOCALIZED_RESOURCES_FOLDER_PATH)/AppIcon.icns",
			);
			runOnlyForDeploymentPostprocessing = 0;
			shellPath = /bin/sh;
			shellScript = "cp \"${SRCROOT}/Voxa/Resources/AppIcon.icns\" \"${BUILT_PRODUCTS_DIR}/${UNLOCALIZED_RESOURCES_FOLDER_PATH}/AppIcon.icns\"
";
			showEnvVarsInLog = 0;
		};
/* End PBXShellScriptBuildPhase section */

/* Begin PBXResourcesBuildPhase section */
		E100000000000000000003 /* Resources */ = {
			isa = PBXResourcesBuildPhase;
			buildActionMask = 2147483647;
			files = (
				B100000000000000000006 /* Assets.xcassets in Resources */,
			);
			runOnlyForDeploymentPostprocessing = 0;
		};
/* End PBXResourcesBuildPhase section */

/* Begin PBXSourcesBuildPhase section */
		E100000000000000000001 /* Sources */ = {
			isa = PBXSourcesBuildPhase;
			buildActionMask = 2147483647;
			files = (
				B100000000000000000001 /* VoxaApp.swift in Sources */,
				073E413C2F39862B0088A4CF /* AppSettings.swift in Sources */,
				B100000000000000000002 /* KeyMonitor.swift in Sources */,
				B100000000000000000003 /* KeyMonitorError.swift in Sources */,
				B100000000000000000004 /* PermissionManager.swift in Sources */,
				B100000000000000000005 /* MenuBarView.swift in Sources */,
				073E41252F3985D90088A4CF /* AudioError.swift in Sources */,
				073E41262F3985D90088A4CF /* AudioEncoder.swift in Sources */,
				073E41272F3985D90088A4CF /* AudioFormat.swift in Sources */,
				073E41322F3985EB0088A4CF /* STTError.swift in Sources */,
				073E41332F3985EB0088A4CF /* SessionCoordinator.swift in Sources */,
				073E41392F3985F70088A4CF /* OverlayPresenting.swift in Sources */,
				073E41432F3986A10088A4CF /* WaveformView.swift in Sources */,
				073E41442F3986A10088A4CF /* RecordingOverlayView.swift in Sources */,
				073E41452F3986A10088A4CF /* OverlayPanel.swift in Sources */,
				073E41462F3986A20088A4CF /* ToastPresenting.swift in Sources */,
				073E41482F3986A30088A4CF /* ToastView.swift in Sources */,
				073E414A2F3986A40088A4CF /* ToastPanel.swift in Sources */,
				073E414C2F3986A50088A4CF /* ToastManager.swift in Sources */,
				073E41342F3985EB0088A4CF /* ZhipuSTTProvider.swift in Sources */,
				073E41352F3985EB0088A4CF /* STTProvider.swift in Sources */,
				073E41362F3985EB0088A4CF /* MultipartFormData.swift in Sources */,
				073E41372F3986B00088A4CF /* STTProviderType.swift in Sources */,
				073E413BA2F3986B20088A4CF /* STTProviderFactory.swift in Sources */,
				073E413DC2F3986B30088A4CF /* OpenAIWhisperProvider.swift in Sources */,
				073E41282F3985D90088A4CF /* AudioLevelProvider.swift in Sources */,
				07983A522F39CF1A00BD1EE1 /* KeyboardShortcutName.swift in Sources */,
				073E41292F3985D90088A4CF /* AudioCapturing.swift in Sources */,
				073E412A2F3985D90088A4CF /* AudioPipeline.swift in Sources */,
				E3B1000000000000000001 /* Persona.swift in Sources */,
				E3B1000000000000000003 /* InputHistory.swift in Sources */,
				E3B1000000000000000004 /* TextProcessingError.swift in Sources */,
				E3B1000000000000000008 /* TextInjector.swift in Sources */,
				E3B10000000000000000A /* PromptProcessor.swift in Sources */,
				E3B10000000000000000B /* TextProcessor.swift in Sources */,
				F4B1000000000000000001 /* SettingsView.swift in Sources */,
				F4B2000000000000000001 /* GeneralSettingsView.swift in Sources */,
				F4B3000000000000000001 /* ModelSettingsView.swift in Sources */,
				F4B4000000000000000001 /* PersonaSettingsView.swift in Sources */,
				F4B6000000000000000001 /* HistorySettingsView.swift in Sources */,
				F4B7000000000000000001 /* LaunchAtLoginHelper.swift in Sources */,
				F4B8000000000000000001 /* InputHistoryCleanup.swift in Sources */,
				F4B9000000000000000001 /* KeychainService.swift in Sources */,
			);
			runOnlyForDeploymentPostprocessing = 0;
		};
		E100000000000000000004 /* Sources */ = {
			isa = PBXSourcesBuildPhase;
			buildActionMask = 2147483647;
			files = (
				B100000000000000000009 /* KeyMonitorTests.swift in Sources */,
				E3B1000000000000000009 /* TextInjectorTests.swift in Sources */,
				E3B10000000000000000C /* TextProcessorTests.swift in Sources */,
				E3B10000000000000000D /* SessionCoordinatorTests.swift in Sources */,
				B10000000000000000000A /* PermissionManagerTests.swift in Sources */,
			);
			runOnlyForDeploymentPostprocessing = 0;
		};
/* End PBXSourcesBuildPhase section */

/* Begin PBXTargetDependency section */
		410000000000000000001 /* PBXTargetDependency */ = {
			isa = PBXTargetDependency;
			target = D100000000000000000001 /* Voxa */;
			targetProxy = 310000000000000000001 /* PBXContainerItemProxy */;
		};
/* End PBXTargetDependency section */

/* Begin XCBuildConfiguration section */
		110000000000000000001 /* Debug */ = {
			isa = XCBuildConfiguration;
			buildSettings = {
				ASSETCATALOG_COMPILER_APPICON_NAME = AppIcon;
				ASSETCATALOG_COMPILER_GLOBAL_ACCENT_COLOR_NAME = AccentColor;
				CODE_SIGN_ENTITLEMENTS = Voxa/Voxa.entitlements;
				CODE_SIGN_STYLE = Automatic;
				COMBINE_HIDPI_IMAGES = YES;
				CURRENT_PROJECT_VERSION = 1;
				DEVELOPMENT_ASSET_PATHS = "";
				ENABLE_PREVIEWS = YES;
				GENERATE_INFOPLIST_FILE = YES;
				INFOPLIST_FILE = Voxa/Info.plist;
				INFOPLIST_KEY_LSUIElement = YES;
				INFOPLIST_KEY_NSMicrophoneUsageDescription = "Voxa 需要访问麦克风来进行语音输入";
				LD_RUNPATH_SEARCH_PATHS = (
					"$(inherited)",
					"@executable_path/../Frameworks",
				);
				MARKETING_VERSION = 0.1.0;
				PRODUCT_BUNDLE_IDENTIFIER = com.voxa.Voxa;
				PRODUCT_NAME = "$(TARGET_NAME)";
				SWIFT_EMIT_LOC_STRINGS = YES;
				SWIFT_STRICT_CONCURRENCY = complete;
				SWIFT_VERSION = 6.0;
			};
			name = Debug;
		};
		110000000000000000002 /* Release */ = {
			isa = XCBuildConfiguration;
			buildSettings = {
				ASSETCATALOG_COMPILER_APPICON_NAME = AppIcon;
				ASSETCATALOG_COMPILER_GLOBAL_ACCENT_COLOR_NAME = AccentColor;
				CODE_SIGN_ENTITLEMENTS = Voxa/Voxa.entitlements;
				CODE_SIGN_STYLE = Automatic;
				COMBINE_HIDPI_IMAGES = YES;
				CURRENT_PROJECT_VERSION = 1;
				DEVELOPMENT_ASSET_PATHS = "";
				ENABLE_PREVIEWS = YES;
				GENERATE_INFOPLIST_FILE = YES;
				INFOPLIST_FILE = Voxa/Info.plist;
				INFOPLIST_KEY_LSUIElement = YES;
				INFOPLIST_KEY_NSMicrophoneUsageDescription = "Voxa 需要访问麦克风来进行语音输入";
				LD_RUNPATH_SEARCH_PATHS = (
					"$(inherited)",
					"@executable_path/../Frameworks",
				);
				MARKETING_VERSION = 0.1.0;
				PRODUCT_BUNDLE_IDENTIFIER = com.voxa.Voxa;
				PRODUCT_NAME = "$(TARGET_NAME)";
				SWIFT_EMIT_LOC_STRINGS = YES;
				SWIFT_STRICT_CONCURRENCY = complete;
				SWIFT_VERSION = 6.0;
			};
			name = Release;
		};
		110000000000000000003 /* Debug */ = {
			isa = XCBuildConfiguration;
			buildSettings = {
				BUNDLE_LOADER = "$(TEST_HOST)";
				CODE_SIGN_STYLE = Automatic;
				CURRENT_PROJECT_VERSION = 1;
				GENERATE_INFOPLIST_FILE = YES;
				MARKETING_VERSION = 0.1.0;
				PRODUCT_BUNDLE_IDENTIFIER = com.voxa.VoxaTests;
				PRODUCT_NAME = "$(TARGET_NAME)";
				SWIFT_EMIT_LOC_STRINGS = NO;
				SWIFT_STRICT_CONCURRENCY = complete;
				SWIFT_VERSION = 6.0;
				TEST_HOST = "$(BUILT_PRODUCTS_DIR)/Voxa.app/$(BUNDLE_EXECUTABLE_FOLDER_PATH)/Voxa";
			};
			name = Debug;
		};
		110000000000000000004 /* Release */ = {
			isa = XCBuildConfiguration;
			buildSettings = {
				BUNDLE_LOADER = "$(TEST_HOST)";
				CODE_SIGN_STYLE = Automatic;
				CURRENT_PROJECT_VERSION = 1;
				GENERATE_INFOPLIST_FILE = YES;
				MARKETING_VERSION = 0.1.0;
				PRODUCT_BUNDLE_IDENTIFIER = com.voxa.VoxaTests;
				PRODUCT_NAME = "$(TARGET_NAME)";
				SWIFT_EMIT_LOC_STRINGS = NO;
				SWIFT_STRICT_CONCURRENCY = complete;
				SWIFT_VERSION = 6.0;
				TEST_HOST = "$(BUILT_PRODUCTS_DIR)/Voxa.app/$(BUNDLE_EXECUTABLE_FOLDER_PATH)/Voxa";
			};
			name = Release;
		};
		110000000000000000005 /* Debug */ = {
			isa = XCBuildConfiguration;
			buildSettings = {
				ALWAYS_SEARCH_USER_PATHS = NO;
				ASSETCATALOG_COMPILER_GENERATE_SWIFT_ASSET_SYMBOL_EXTENSIONS = YES;
				CLANG_ANALYZER_NONNULL = YES;
				CLANG_ANALYZER_NUMBER_OBJECT_CONVERSION = YES_AGGRESSIVE;
				CLANG_CXX_LANGUAGE_STANDARD = "gnu++20";
				CLANG_ENABLE_MODULES = YES;
				CLANG_ENABLE_OBJC_ARC = YES;
				CLANG_ENABLE_OBJC_WEAK = YES;
				CLANG_WARN_BLOCK_CAPTURE_AUTORELEASING = YES;
				CLANG_WARN_BOOL_CONVERSION = YES;
				CLANG_WARN_COMMA = YES;
				CLANG_WARN_CONSTANT_CONVERSION = YES;
				CLANG_WARN_DEPRECATED_OBJC_IMPLEMENTATIONS = YES;
				CLANG_WARN_DIRECT_OBJC_ISA_USAGE = YES_ERROR;
				CLANG_WARN_DOCUMENTATION_COMMENTS = YES;
				CLANG_WARN_EMPTY_BODY = YES;
				CLANG_WARN_ENUM_CONVERSION = YES;
				CLANG_WARN_INFINITE_RECURSION = YES;
				CLANG_WARN_INT_CONVERSION = YES;
				CLANG_WARN_NON_LITERAL_NULL_CONVERSION = YES;
				CLANG_WARN_OBJC_IMPLICIT_RETAIN_SELF = YES;
				CLANG_WARN_OBJC_LITERAL_CONVERSION = YES;
				CLANG_WARN_OBJC_ROOT_CLASS = YES_ERROR;
				CLANG_WARN_QUOTED_INCLUDE_IN_FRAMEWORK_HEADER = YES;
				CLANG_WARN_RANGE_LOOP_ANALYSIS = YES;
				CLANG_WARN_STRICT_PROTOTYPES = YES;
				CLANG_WARN_SUSPICIOUS_MOVE = YES;
				CLANG_WARN_UNGUARDED_AVAILABILITY = YES_AGGRESSIVE;
				CLANG_WARN_UNREACHABLE_CODE = YES;
				CLANG_WARN__DUPLICATE_METHOD_MATCH = YES;
				COPY_PHASE_STRIP = NO;
				DEBUG_INFORMATION_FORMAT = dwarf;
				ENABLE_STRICT_OBJC_MSGSEND = YES;
				ENABLE_TESTABILITY = YES;
				ENABLE_USER_SCRIPT_SANDBOXING = YES;
				GCC_C_LANGUAGE_STANDARD = gnu17;
				GCC_DYNAMIC_NO_PIC = NO;
				GCC_NO_COMMON_BLOCKS = YES;
				GCC_OPTIMIZATION_LEVEL = 0;
				GCC_PREPROCESSOR_DEFINITIONS = (
					"DEBUG=1",
					"$(inherited)",
				);
				GCC_WARN_64_TO_32_BIT_CONVERSION = YES;
				GCC_WARN_ABOUT_RETURN_TYPE = YES_ERROR;
				GCC_WARN_UNDECLARED_SELECTOR = YES;
				GCC_WARN_UNINITIALIZED_AUTOS = YES_AGGRESSIVE;
				GCC_WARN_UNUSED_FUNCTION = YES;
				GCC_WARN_UNUSED_VARIABLE = YES;
				MACOSX_DEPLOYMENT_TARGET = 14.0;
				MTL_ENABLE_DEBUG_INFO = INCLUDE_SOURCE;
				MTL_FAST_MATH = YES;
				ONLY_ACTIVE_ARCH = YES;
				SDKROOT = macosx;
				SWIFT_ACTIVE_COMPILATION_CONDITIONS = "$(inherited) DEBUG";
				SWIFT_OPTIMIZATION_LEVEL = "-Onone";
				SWIFT_STRICT_CONCURRENCY = complete;
				SWIFT_VERSION = 6.0;
			};
			name = Debug;
		};
		110000000000000000006 /* Release */ = {
			isa = XCBuildConfiguration;
			buildSettings = {
				ALWAYS_SEARCH_USER_PATHS = NO;
				ASSETCATALOG_COMPILER_GENERATE_SWIFT_ASSET_SYMBOL_EXTENSIONS = YES;
				CLANG_ANALYZER_NONNULL = YES;
				CLANG_ANALYZER_NUMBER_OBJECT_CONVERSION = YES_AGGRESSIVE;
				CLANG_CXX_LANGUAGE_STANDARD = "gnu++20";
				CLANG_ENABLE_MODULES = YES;
				CLANG_ENABLE_OBJC_ARC = YES;
				CLANG_ENABLE_OBJC_WEAK = YES;
				CLANG_WARN_BLOCK_CAPTURE_AUTORELEASING = YES;
				CLANG_WARN_BOOL_CONVERSION = YES;
				CLANG_WARN_COMMA = YES;
				CLANG_WARN_CONSTANT_CONVERSION = YES;
				CLANG_WARN_DEPRECATED_OBJC_IMPLEMENTATIONS = YES;
				CLANG_WARN_DIRECT_OBJC_ISA_USAGE = YES_ERROR;
				CLANG_WARN_DOCUMENTATION_COMMENTS = YES;
				CLANG_WARN_EMPTY_BODY = YES;
				CLANG_WARN_ENUM_CONVERSION = YES;
				CLANG_WARN_INFINITE_RECURSION = YES;
				CLANG_WARN_INT_CONVERSION = YES;
				CLANG_WARN_NON_LITERAL_NULL_CONVERSION = YES;
				CLANG_WARN_OBJC_IMPLICIT_RETAIN_SELF = YES;
				CLANG_WARN_OBJC_LITERAL_CONVERSION = YES;
				CLANG_WARN_OBJC_ROOT_CLASS = YES_ERROR;
				CLANG_WARN_QUOTED_INCLUDE_IN_FRAMEWORK_HEADER = YES;
				CLANG_WARN_RANGE_LOOP_ANALYSIS = YES;
				CLANG_WARN_STRICT_PROTOTYPES = YES;
				CLANG_WARN_SUSPICIOUS_MOVE = YES;
				CLANG_WARN_UNGUARDED_AVAILABILITY = YES_AGGRESSIVE;
				CLANG_WARN_UNREACHABLE_CODE = YES;
				CLANG_WARN__DUPLICATE_METHOD_MATCH = YES;
				COPY_PHASE_STRIP = NO;
				DEBUG_INFORMATION_FORMAT = "dwarf-with-dsym";
				ENABLE_NS_ASSERTIONS = NO;
				ENABLE_STRICT_OBJC_MSGSEND = YES;
				ENABLE_USER_SCRIPT_SANDBOXING = YES;
				GCC_C_LANGUAGE_STANDARD = gnu17;
				GCC_NO_COMMON_BLOCKS = YES;
				GCC_WARN_64_TO_32_BIT_CONVERSION = YES;
				GCC_WARN_ABOUT_RETURN_TYPE = YES_ERROR;
				GCC_WARN_UNDECLARED_SELECTOR = YES;
				GCC_WARN_UNINITIALIZED_AUTOS = YES_AGGRESSIVE;
				GCC_WARN_UNUSED_FUNCTION = YES;
				GCC_WARN_UNUSED_VARIABLE = YES;
				MACOSX_DEPLOYMENT_TARGET = 14.0;
				MTL_ENABLE_DEBUG_INFO = NO;
				MTL_FAST_MATH = YES;
				SDKROOT = macosx;
				SWIFT_COMPILATION_MODE = wholemodule;
				SWIFT_STRICT_CONCURRENCY = complete;
				SWIFT_VERSION = 6.0;
			};
			name = Release;
		};
/* End XCBuildConfiguration section */

/* Begin XCConfigurationList section */
		210000000000000000001 /* Build configuration list for PBXNativeTarget "Voxa" */ = {
			isa = XCConfigurationList;
			buildConfigurations = (
				110000000000000000001 /* Debug */,
				110000000000000000002 /* Release */,
			);
			defaultConfigurationIsVisible = 0;
			defaultConfigurationName = Release;
		};
		210000000000000000002 /* Build configuration list for PBXNativeTarget "VoxaTests" */ = {
			isa = XCConfigurationList;
			buildConfigurations = (
				110000000000000000003 /* Debug */,
				110000000000000000004 /* Release */,
			);
			defaultConfigurationIsVisible = 0;
			defaultConfigurationName = Release;
		};
		210000000000000000003 /* Build configuration list for PBXProject "Voxa" */ = {
			isa = XCConfigurationList;
			buildConfigurations = (
				110000000000000000005 /* Debug */,
				110000000000000000006 /* Release */,
			);
			defaultConfigurationIsVisible = 0;
			defaultConfigurationName = Release;
		};
/* End XCConfigurationList section */

/* Begin XCRemoteSwiftPackageReference section */
		07983A4C2F39C88400BD1EE1 /* XCRemoteSwiftPackageReference "KeyboardShortcuts" */ = {
			isa = XCRemoteSwiftPackageReference;
			repositoryURL = "https://github.com/sindresorhus/KeyboardShortcuts";
			requirement = {
				kind = upToNextMajorVersion;
				minimumVersion = 2.4.0;
			};
		};
/* End XCRemoteSwiftPackageReference section */

/* Begin XCSwiftPackageProductDependency section */
		07983A4E2F39CD7D00BD1EE1 /* KeyboardShortcuts */ = {
			isa = XCSwiftPackageProductDependency;
			package = 07983A4C2F39C88400BD1EE1 /* XCRemoteSwiftPackageReference "KeyboardShortcuts" */;
			productName = KeyboardShortcuts;
		};
/* End XCSwiftPackageProductDependency section */
	};
	rootObject = F100000000000000000001 /* Project object */;
}
